
Microsoft Visual Studio Solution File, Format Version 12.00
# Visual Studio Version 17
VisualStudioVersion = 17.8.34322.80
MinimumVisualStudioVersion = 10.0.40219.1
Project("{8BC9CEB8-8B4A-11D0-8D11-00A0C91BC942}") = "deneme", "deneme.vcxproj", "{10517E4B-014E-49A1-8FC7-024BF3AA32F1}"
EndProject
Global
	GlobalSection(SolutionConfigurationPlatforms) = preSolution
		Debug|x64 = Debug|x64
		Debug|x86 = Debug|x86
		Release|x64 = Release|x64
		Release|x86 = Release|x86
	EndGlobalSection
	GlobalSection(ProjectConfigurationPlatforms) = postSolution
		{10517E4B-014E-49A1-8FC7-024BF3AA32F1}.Debug|x64.ActiveCfg = Debug|x64
		{10517E4B-014E-49A1-8FC7-024BF3AA32F1}.Debug|x64.Build.0 = Debug|x64
		{10517E4B-014E-49A1-8FC7-024BF3AA32F1}.Debug|x86.ActiveCfg = Debug|Win32
		{10517E4B-014E-49A1-8FC7-024BF3AA32F1}.Debug|x86.Build.0 = Debug|Win32
		{10517E4B-014E-49A1-8FC7-024BF3AA32F1}.Release|x64.ActiveCfg = Release|x64
		{10517E4B-014E-49A1-8FC7-024BF3AA32F1}.Release|x64.Build.0 = Release|x64
		{10517E4B-014E-49A1-8FC7-024BF3AA32F1}.Release|x86.ActiveCfg = Release|Win32
		{10517E4B-014E-49A1-8FC7-024BF3AA32F1}.Release|x86.Build.0 = Release|Win32
	EndGlobalSection
	GlobalSection(SolutionProperties) = preSolution
		HideSolutionNode = FALSE
	EndGlobalSection
	GlobalSection(ExtensibilityGlobals) = postSolution
		SolutionGuid = {3A36285F-DD62-4D61-A590-9BF8C29A3559}
	EndGlobalSection
EndGlobal
